// !$*UTF8*$!
{
	archiveVersion = 1;
	classes = {
	};
	objectVersion = 50;
	objects = {

/* Begin PBXBuildFile section */
		CB099F20220191EE002A8039 /* AppDelegate.swift in Sources */ = {isa = PBXBuildFile; fileRef = CB099F1F220191EE002A8039 /* AppDelegate.swift */; };
		CB099F25220191EE002A8039 /* Main.storyboard in Resources */ = {isa = PBXBuildFile; fileRef = CB099F23220191EE002A8039 /* Main.storyboard */; };
		CB099F27220191F0002A8039 /* Assets.xcassets in Resources */ = {isa = PBXBuildFile; fileRef = CB099F26220191F0002A8039 /* Assets.xcassets */; };
		CB099F2A220191F0002A8039 /* LaunchScreen.storyboard in Resources */ = {isa = PBXBuildFile; fileRef = CB099F28220191F0002A8039 /* LaunchScreen.storyboard */; };
		CB099F37220194C0002A8039 /* CheatSheetsTableViewController.swift in Sources */ = {isa = PBXBuildFile; fileRef = CB099F36220194C0002A8039 /* CheatSheetsTableViewController.swift */; };
		CB099F3B22019AD1002A8039 /* CheatSheet.swift in Sources */ = {isa = PBXBuildFile; fileRef = CB099F3A22019AD1002A8039 /* CheatSheet.swift */; };
		CB099F3F22019B44002A8039 /* CreateCheatSheet.storyboard in Resources */ = {isa = PBXBuildFile; fileRef = CB099F3E22019B44002A8039 /* CreateCheatSheet.storyboard */; };
		CB099F4322019F08002A8039 /* UITextViewExtensions.swift in Sources */ = {isa = PBXBuildFile; fileRef = CB099F4222019F08002A8039 /* UITextViewExtensions.swift */; };
		CB099F452201A458002A8039 /* CreateCheatSheetViewController.swift in Sources */ = {isa = PBXBuildFile; fileRef = CB099F442201A458002A8039 /* CreateCheatSheetViewController.swift */; };
		CB099F472201A655002A8039 /* Log.swift in Sources */ = {isa = PBXBuildFile; fileRef = CB099F462201A655002A8039 /* Log.swift */; };
		CB099F4E2201A698002A8039 /* LoggedPageViewController.swift in Sources */ = {isa = PBXBuildFile; fileRef = CB099F492201A698002A8039 /* LoggedPageViewController.swift */; };
		CB099F4F2201A698002A8039 /* LoggedTableViewController.swift in Sources */ = {isa = PBXBuildFile; fileRef = CB099F4A2201A698002A8039 /* LoggedTableViewController.swift */; };
		CB099F502201A698002A8039 /* LoggedViewController.swift in Sources */ = {isa = PBXBuildFile; fileRef = CB099F4B2201A698002A8039 /* LoggedViewController.swift */; };
		CB099F512201A698002A8039 /* LoggedNavigationController.swift in Sources */ = {isa = PBXBuildFile; fileRef = CB099F4C2201A698002A8039 /* LoggedNavigationController.swift */; };
		CB099F522201A698002A8039 /* LoggedTabBarController.swift in Sources */ = {isa = PBXBuildFile; fileRef = CB099F4D2201A698002A8039 /* LoggedTabBarController.swift */; };
		CB099F572201B23B002A8039 /* KeyboardScrollableHandler.swift in Sources */ = {isa = PBXBuildFile; fileRef = CB099F542201B23B002A8039 /* KeyboardScrollableHandler.swift */; };
		CB099F582201B23B002A8039 /* DictionaryReceiver.swift in Sources */ = {isa = PBXBuildFile; fileRef = CB099F552201B23B002A8039 /* DictionaryReceiver.swift */; };
		CB099F592201B23B002A8039 /* KeyboardHandler.swift in Sources */ = {isa = PBXBuildFile; fileRef = CB099F562201B23B002A8039 /* KeyboardHandler.swift */; };
		CB099F5B2201B73C002A8039 /* CGRectExtension.swift in Sources */ = {isa = PBXBuildFile; fileRef = CB099F5A2201B73C002A8039 /* CGRectExtension.swift */; };
		CB099F5E2201B84B002A8039 /* CheatSheetTableViewCell.swift in Sources */ = {isa = PBXBuildFile; fileRef = CB099F5D2201B84B002A8039 /* CheatSheetTableViewCell.swift */; };
		CB099F602201CDB6002A8039 /* EmptyStateView.swift in Sources */ = {isa = PBXBuildFile; fileRef = CB099F5F2201CDB6002A8039 /* EmptyStateView.swift */; };
		CB099F632201CDEC002A8039 /* Fonts.swift in Sources */ = {isa = PBXBuildFile; fileRef = CB099F622201CDEC002A8039 /* Fonts.swift */; };
		CB099F652201CE3F002A8039 /* Colors.swift in Sources */ = {isa = PBXBuildFile; fileRef = CB099F642201CE3F002A8039 /* Colors.swift */; };
		CB099F672201CEA9002A8039 /* UIColorExtension.swift in Sources */ = {isa = PBXBuildFile; fileRef = CB099F662201CEA9002A8039 /* UIColorExtension.swift */; };
/* End PBXBuildFile section */

/* Begin PBXFileReference section */
		CB099F1C220191EE002A8039 /* CheatSheet.app */ = {isa = PBXFileReference; explicitFileType = wrapper.application; includeInIndex = 0; path = CheatSheet.app; sourceTree = BUILT_PRODUCTS_DIR; };
		CB099F1F220191EE002A8039 /* AppDelegate.swift */ = {isa = PBXFileReference; lastKnownFileType = sourcecode.swift; path = AppDelegate.swift; sourceTree = "<group>"; };
		CB099F24220191EE002A8039 /* Base */ = {isa = PBXFileReference; lastKnownFileType = file.storyboard; name = Base; path = Base.lproj/Main.storyboard; sourceTree = "<group>"; };
		CB099F26220191F0002A8039 /* Assets.xcassets */ = {isa = PBXFileReference; lastKnownFileType = folder.assetcatalog; path = Assets.xcassets; sourceTree = "<group>"; };
		CB099F29220191F0002A8039 /* Base */ = {isa = PBXFileReference; lastKnownFileType = file.storyboard; name = Base; path = Base.lproj/LaunchScreen.storyboard; sourceTree = "<group>"; };
		CB099F2B220191F0002A8039 /* Info.plist */ = {isa = PBXFileReference; lastKnownFileType = text.plist.xml; path = Info.plist; sourceTree = "<group>"; };
		CB099F36220194C0002A8039 /* CheatSheetsTableViewController.swift */ = {isa = PBXFileReference; lastKnownFileType = sourcecode.swift; path = CheatSheetsTableViewController.swift; sourceTree = "<group>"; };
		CB099F3A22019AD1002A8039 /* CheatSheet.swift */ = {isa = PBXFileReference; lastKnownFileType = sourcecode.swift; path = CheatSheet.swift; sourceTree = "<group>"; };
		CB099F3E22019B44002A8039 /* CreateCheatSheet.storyboard */ = {isa = PBXFileReference; lastKnownFileType = file.storyboard; path = CreateCheatSheet.storyboard; sourceTree = "<group>"; };
		CB099F4222019F08002A8039 /* UITextViewExtensions.swift */ = {isa = PBXFileReference; lastKnownFileType = sourcecode.swift; path = UITextViewExtensions.swift; sourceTree = "<group>"; };
		CB099F442201A458002A8039 /* CreateCheatSheetViewController.swift */ = {isa = PBXFileReference; lastKnownFileType = sourcecode.swift; path = CreateCheatSheetViewController.swift; sourceTree = "<group>"; };
		CB099F462201A655002A8039 /* Log.swift */ = {isa = PBXFileReference; fileEncoding = 4; lastKnownFileType = sourcecode.swift; path = Log.swift; sourceTree = "<group>"; };
		CB099F492201A698002A8039 /* LoggedPageViewController.swift */ = {isa = PBXFileReference; fileEncoding = 4; lastKnownFileType = sourcecode.swift; path = LoggedPageViewController.swift; sourceTree = "<group>"; };
		CB099F4A2201A698002A8039 /* LoggedTableViewController.swift */ = {isa = PBXFileReference; fileEncoding = 4; lastKnownFileType = sourcecode.swift; path = LoggedTableViewController.swift; sourceTree = "<group>"; };
		CB099F4B2201A698002A8039 /* LoggedViewController.swift */ = {isa = PBXFileReference; fileEncoding = 4; lastKnownFileType = sourcecode.swift; path = LoggedViewController.swift; sourceTree = "<group>"; };
		CB099F4C2201A698002A8039 /* LoggedNavigationController.swift */ = {isa = PBXFileReference; fileEncoding = 4; lastKnownFileType = sourcecode.swift; path = LoggedNavigationController.swift; sourceTree = "<group>"; };
		CB099F4D2201A698002A8039 /* LoggedTabBarController.swift */ = {isa = PBXFileReference; fileEncoding = 4; lastKnownFileType = sourcecode.swift; path = LoggedTabBarController.swift; sourceTree = "<group>"; };
		CB099F542201B23B002A8039 /* KeyboardScrollableHandler.swift */ = {isa = PBXFileReference; fileEncoding = 4; lastKnownFileType = sourcecode.swift; path = KeyboardScrollableHandler.swift; sourceTree = "<group>"; };
		CB099F552201B23B002A8039 /* DictionaryReceiver.swift */ = {isa = PBXFileReference; fileEncoding = 4; lastKnownFileType = sourcecode.swift; path = DictionaryReceiver.swift; sourceTree = "<group>"; };
		CB099F562201B23B002A8039 /* KeyboardHandler.swift */ = {isa = PBXFileReference; fileEncoding = 4; lastKnownFileType = sourcecode.swift; path = KeyboardHandler.swift; sourceTree = "<group>"; };
		CB099F5A2201B73C002A8039 /* CGRectExtension.swift */ = {isa = PBXFileReference; fileEncoding = 4; lastKnownFileType = sourcecode.swift; path = CGRectExtension.swift; sourceTree = "<group>"; };
		CB099F5D2201B84B002A8039 /* CheatSheetTableViewCell.swift */ = {isa = PBXFileReference; lastKnownFileType = sourcecode.swift; path = CheatSheetTableViewCell.swift; sourceTree = "<group>"; };
		CB099F5F2201CDB6002A8039 /* EmptyStateView.swift */ = {isa = PBXFileReference; fileEncoding = 4; lastKnownFileType = sourcecode.swift; path = EmptyStateView.swift; sourceTree = "<group>"; };
		CB099F622201CDEC002A8039 /* Fonts.swift */ = {isa = PBXFileReference; lastKnownFileType = sourcecode.swift; path = Fonts.swift; sourceTree = "<group>"; };
		CB099F642201CE3F002A8039 /* Colors.swift */ = {isa = PBXFileReference; lastKnownFileType = sourcecode.swift; path = Colors.swift; sourceTree = "<group>"; };
		CB099F662201CEA9002A8039 /* UIColorExtension.swift */ = {isa = PBXFileReference; fileEncoding = 4; lastKnownFileType = sourcecode.swift; path = UIColorExtension.swift; sourceTree = "<group>"; };
/* End PBXFileReference section */

/* Begin PBXFrameworksBuildPhase section */
		CB099F19220191EE002A8039 /* Frameworks */ = {
			isa = PBXFrameworksBuildPhase;
			buildActionMask = 2147483647;
			files = (
			);
			runOnlyForDeploymentPostprocessing = 0;
		};
/* End PBXFrameworksBuildPhase section */

/* Begin PBXGroup section */
		CB099F13220191EE002A8039 = {
			isa = PBXGroup;
			children = (
				CB099F1E220191EE002A8039 /* CheatSheet */,
				CB099F1D220191EE002A8039 /* Products */,
			);
			sourceTree = "<group>";
		};
		CB099F1D220191EE002A8039 /* Products */ = {
			isa = PBXGroup;
			children = (
				CB099F1C220191EE002A8039 /* CheatSheet.app */,
			);
			name = Products;
			sourceTree = "<group>";
		};
		CB099F1E220191EE002A8039 /* CheatSheet */ = {
			isa = PBXGroup;
			children = (
				CB099F612201CDE0002A8039 /* Configuration */,
				CB099F3922019AC4002A8039 /* Models */,
				CB099F342201922E002A8039 /* Resources */,
				CB099F4022019EE6002A8039 /* Tools */,
				CB099F312201920D002A8039 /* ViewControllers */,
				CB099F5C2201B82A002A8039 /* Views */,
				CB099F1F220191EE002A8039 /* AppDelegate.swift */,
				CB099F2B220191F0002A8039 /* Info.plist */,
			);
			path = CheatSheet;
			sourceTree = "<group>";
		};
		CB099F312201920D002A8039 /* ViewControllers */ = {
			isa = PBXGroup;
			children = (
				CB099F3C22019B13002A8039 /* CreateCheatSheet */,
				CB099F3522019239002A8039 /* LaunchScreen */,
				CB099F3222019218002A8039 /* Main */,
			);
			path = ViewControllers;
			sourceTree = "<group>";
		};
		CB099F3222019218002A8039 /* Main */ = {
			isa = PBXGroup;
			children = (
				CB099F332201921D002A8039 /* Storyboard */,
				CB099F36220194C0002A8039 /* CheatSheetsTableViewController.swift */,
			);
			path = Main;
			sourceTree = "<group>";
		};
		CB099F332201921D002A8039 /* Storyboard */ = {
			isa = PBXGroup;
			children = (
				CB099F23220191EE002A8039 /* Main.storyboard */,
			);
			path = Storyboard;
			sourceTree = "<group>";
		};
		CB099F342201922E002A8039 /* Resources */ = {
			isa = PBXGroup;
			children = (
				CB099F26220191F0002A8039 /* Assets.xcassets */,
			);
			path = Resources;
			sourceTree = "<group>";
		};
		CB099F3522019239002A8039 /* LaunchScreen */ = {
			isa = PBXGroup;
			children = (
				CB099F28220191F0002A8039 /* LaunchScreen.storyboard */,
			);
			path = LaunchScreen;
			sourceTree = "<group>";
		};
		CB099F3922019AC4002A8039 /* Models */ = {
			isa = PBXGroup;
			children = (
				CB099F3A22019AD1002A8039 /* CheatSheet.swift */,
			);
			path = Models;
			sourceTree = "<group>";
		};
		CB099F3C22019B13002A8039 /* CreateCheatSheet */ = {
			isa = PBXGroup;
			children = (
				CB099F3D22019B36002A8039 /* Storyboard */,
				CB099F442201A458002A8039 /* CreateCheatSheetViewController.swift */,
			);
			path = CreateCheatSheet;
			sourceTree = "<group>";
		};
		CB099F3D22019B36002A8039 /* Storyboard */ = {
			isa = PBXGroup;
			children = (
				CB099F3E22019B44002A8039 /* CreateCheatSheet.storyboard */,
			);
			path = Storyboard;
			sourceTree = "<group>";
		};
		CB099F4022019EE6002A8039 /* Tools */ = {
			isa = PBXGroup;
			children = (
				CB099F4122019EED002A8039 /* Extensions */,
				CB099F532201B23B002A8039 /* Protocols */,
				CB099F482201A698002A8039 /* ViewControllers */,
				CB099F462201A655002A8039 /* Log.swift */,
			);
			path = Tools;
			sourceTree = "<group>";
		};
		CB099F4122019EED002A8039 /* Extensions */ = {
			isa = PBXGroup;
			children = (
				CB099F5A2201B73C002A8039 /* CGRectExtension.swift */,
				CB099F4222019F08002A8039 /* UITextViewExtensions.swift */,
				CB099F662201CEA9002A8039 /* UIColorExtension.swift */,
			);
			path = Extensions;
			sourceTree = "<group>";
		};
		CB099F482201A698002A8039 /* ViewControllers */ = {
			isa = PBXGroup;
			children = (
				CB099F492201A698002A8039 /* LoggedPageViewController.swift */,
				CB099F4A2201A698002A8039 /* LoggedTableViewController.swift */,
				CB099F4B2201A698002A8039 /* LoggedViewController.swift */,
				CB099F4C2201A698002A8039 /* LoggedNavigationController.swift */,
				CB099F4D2201A698002A8039 /* LoggedTabBarController.swift */,
			);
			path = ViewControllers;
			sourceTree = "<group>";
		};
		CB099F532201B23B002A8039 /* Protocols */ = {
			isa = PBXGroup;
			children = (
				CB099F542201B23B002A8039 /* KeyboardScrollableHandler.swift */,
				CB099F552201B23B002A8039 /* DictionaryReceiver.swift */,
				CB099F562201B23B002A8039 /* KeyboardHandler.swift */,
			);
			path = Protocols;
			sourceTree = "<group>";
		};
		CB099F5C2201B82A002A8039 /* Views */ = {
			isa = PBXGroup;
			children = (
				CB099F5D2201B84B002A8039 /* CheatSheetTableViewCell.swift */,
				CB099F5F2201CDB6002A8039 /* EmptyStateView.swift */,
			);
			path = Views;
			sourceTree = "<group>";
		};
		CB099F612201CDE0002A8039 /* Configuration */ = {
			isa = PBXGroup;
			children = (
				CB099F642201CE3F002A8039 /* Colors.swift */,
				CB099F622201CDEC002A8039 /* Fonts.swift */,
			);
			path = Configuration;
			sourceTree = "<group>";
		};
/* End PBXGroup section */

/* Begin PBXNativeTarget section */
		CB099F1B220191EE002A8039 /* CheatSheet */ = {
			isa = PBXNativeTarget;
			buildConfigurationList = CB099F2E220191F0002A8039 /* Build configuration list for PBXNativeTarget "CheatSheet" */;
			buildPhases = (
				CB099F18220191EE002A8039 /* Sources */,
				CB099F19220191EE002A8039 /* Frameworks */,
				CB099F1A220191EE002A8039 /* Resources */,
			);
			buildRules = (
			);
			dependencies = (
			);
			name = CheatSheet;
			productName = CheatSheet;
			productReference = CB099F1C220191EE002A8039 /* CheatSheet.app */;
			productType = "com.apple.product-type.application";
		};
/* End PBXNativeTarget section */

/* Begin PBXProject section */
		CB099F14220191EE002A8039 /* Project object */ = {
			isa = PBXProject;
			attributes = {
				LastSwiftUpdateCheck = 1010;
				LastUpgradeCheck = 1010;
				ORGANIZATIONNAME = "Timur Shafigullin";
				TargetAttributes = {
					CB099F1B220191EE002A8039 = {
						CreatedOnToolsVersion = 10.1;
					};
				};
			};
			buildConfigurationList = CB099F17220191EE002A8039 /* Build configuration list for PBXProject "CheatSheet" */;
			compatibilityVersion = "Xcode 9.3";
			developmentRegion = en;
			hasScannedForEncodings = 0;
			knownRegions = (
				en,
				Base,
			);
			mainGroup = CB099F13220191EE002A8039;
			productRefGroup = CB099F1D220191EE002A8039 /* Products */;
			projectDirPath = "";
			projectRoot = "";
			targets = (
				CB099F1B220191EE002A8039 /* CheatSheet */,
			);
		};
/* End PBXProject section */

/* Begin PBXResourcesBuildPhase section */
		CB099F1A220191EE002A8039 /* Resources */ = {
			isa = PBXResourcesBuildPhase;
			buildActionMask = 2147483647;
			files = (
				CB099F3F22019B44002A8039 /* CreateCheatSheet.storyboard in Resources */,
				CB099F2A220191F0002A8039 /* LaunchScreen.storyboard in Resources */,
				CB099F27220191F0002A8039 /* Assets.xcassets in Resources */,
				CB099F25220191EE002A8039 /* Main.storyboard in Resources */,
			);
			runOnlyForDeploymentPostprocessing = 0;
		};
/* End PBXResourcesBuildPhase section */

/* Begin PBXSourcesBuildPhase section */
		CB099F18220191EE002A8039 /* Sources */ = {
			isa = PBXSourcesBuildPhase;
			buildActionMask = 2147483647;
			files = (
				CB099F5B2201B73C002A8039 /* CGRectExtension.swift in Sources */,
				CB099F3B22019AD1002A8039 /* CheatSheet.swift in Sources */,
				CB099F4E2201A698002A8039 /* LoggedPageViewController.swift in Sources */,
				CB099F512201A698002A8039 /* LoggedNavigationController.swift in Sources */,
				CB099F502201A698002A8039 /* LoggedViewController.swift in Sources */,
				CB099F602201CDB6002A8039 /* EmptyStateView.swift in Sources */,
				CB099F572201B23B002A8039 /* KeyboardScrollableHandler.swift in Sources */,
				CB099F672201CEA9002A8039 /* UIColorExtension.swift in Sources */,
				CB099F20220191EE002A8039 /* AppDelegate.swift in Sources */,
				CB099F4F2201A698002A8039 /* LoggedTableViewController.swift in Sources */,
				CB099F592201B23B002A8039 /* KeyboardHandler.swift in Sources */,
				CB099F5E2201B84B002A8039 /* CheatSheetTableViewCell.swift in Sources */,
				CB099F522201A698002A8039 /* LoggedTabBarController.swift in Sources */,
				CB099F652201CE3F002A8039 /* Colors.swift in Sources */,
				CB099F472201A655002A8039 /* Log.swift in Sources */,
				CB099F37220194C0002A8039 /* CheatSheetsTableViewController.swift in Sources */,
				CB099F582201B23B002A8039 /* DictionaryReceiver.swift in Sources */,
				CB099F452201A458002A8039 /* CreateCheatSheetViewController.swift in Sources */,
				CB099F632201CDEC002A8039 /* Fonts.swift in Sources */,
				CB099F4322019F08002A8039 /* UITextViewExtensions.swift in Sources */,
			);
			runOnlyForDeploymentPostprocessing = 0;
		};
/* End PBXSourcesBuildPhase section */

/* Begin PBXVariantGroup section */
		CB099F23220191EE002A8039 /* Main.storyboard */ = {
			isa = PBXVariantGroup;
			children = (
				CB099F24220191EE002A8039 /* Base */,
			);
			name = Main.storyboard;
			sourceTree = "<group>";
		};
		CB099F28220191F0002A8039 /* LaunchScreen.storyboard */ = {
			isa = PBXVariantGroup;
			children = (
				CB099F29220191F0002A8039 /* Base */,
			);
			name = LaunchScreen.storyboard;
			sourceTree = "<group>";
		};
/* End PBXVariantGroup section */

/* Begin XCBuildConfiguration section */
		CB099F2C220191F0002A8039 /* Debug */ = {
			isa = XCBuildConfiguration;
			buildSettings = {
				ALWAYS_SEARCH_USER_PATHS = NO;
				CLANG_ANALYZER_NONNULL = YES;
				CLANG_ANALYZER_NUMBER_OBJECT_CONVERSION = YES_AGGRESSIVE;
				CLANG_CXX_LANGUAGE_STANDARD = "gnu++14";
				CLANG_CXX_LIBRARY = "libc++";
				CLANG_ENABLE_MODULES = YES;
				CLANG_ENABLE_OBJC_ARC = YES;
				CLANG_ENABLE_OBJC_WEAK = YES;
				CLANG_WARN_BLOCK_CAPTURE_AUTORELEASING = YES;
				CLANG_WARN_BOOL_CONVERSION = YES;
				CLANG_WARN_COMMA = YES;
				CLANG_WARN_CONSTANT_CONVERSION = YES;
				CLANG_WARN_DEPRECATED_OBJC_IMPLEMENTATIONS = YES;
				CLANG_WARN_DIRECT_OBJC_ISA_USAGE = YES_ERROR;
				CLANG_WARN_DOCUMENTATION_COMMENTS = YES;
				CLANG_WARN_EMPTY_BODY = YES;
				CLANG_WARN_ENUM_CONVERSION = YES;
				CLANG_WARN_INFINITE_RECURSION = YES;
				CLANG_WARN_INT_CONVERSION = YES;
				CLANG_WARN_NON_LITERAL_NULL_CONVERSION = YES;
				CLANG_WARN_OBJC_IMPLICIT_RETAIN_SELF = YES;
				CLANG_WARN_OBJC_LITERAL_CONVERSION = YES;
				CLANG_WARN_OBJC_ROOT_CLASS = YES_ERROR;
				CLANG_WARN_RANGE_LOOP_ANALYSIS = YES;
				CLANG_WARN_STRICT_PROTOTYPES = YES;
				CLANG_WARN_SUSPICIOUS_MOVE = YES;
				CLANG_WARN_UNGUARDED_AVAILABILITY = YES_AGGRESSIVE;
				CLANG_WARN_UNREACHABLE_CODE = YES;
				CLANG_WARN__DUPLICATE_METHOD_MATCH = YES;
				CODE_SIGN_IDENTITY = "iPhone Developer";
				COPY_PHASE_STRIP = NO;
				DEBUG_INFORMATION_FORMAT = dwarf;
				ENABLE_STRICT_OBJC_MSGSEND = YES;
				ENABLE_TESTABILITY = YES;
				GCC_C_LANGUAGE_STANDARD = gnu11;
				GCC_DYNAMIC_NO_PIC = NO;
				GCC_NO_COMMON_BLOCKS = YES;
				GCC_OPTIMIZATION_LEVEL = 0;
				GCC_PREPROCESSOR_DEFINITIONS = (
					"DEBUG=1",
					"$(inherited)",
				);
				GCC_WARN_64_TO_32_BIT_CONVERSION = YES;
				GCC_WARN_ABOUT_RETURN_TYPE = YES_ERROR;
				GCC_WARN_UNDECLARED_SELECTOR = YES;
				GCC_WARN_UNINITIALIZED_AUTOS = YES_AGGRESSIVE;
				GCC_WARN_UNUSED_FUNCTION = YES;
				GCC_WARN_UNUSED_VARIABLE = YES;
				IPHONEOS_DEPLOYMENT_TARGET = 12.1;
				MTL_ENABLE_DEBUG_INFO = INCLUDE_SOURCE;
				MTL_FAST_MATH = YES;
				ONLY_ACTIVE_ARCH = YES;
				SDKROOT = iphoneos;
				SWIFT_ACTIVE_COMPILATION_CONDITIONS = DEBUG;
				SWIFT_OPTIMIZATION_LEVEL = "-Onone";
			};
			name = Debug;
		};
		CB099F2D220191F0002A8039 /* Release */ = {
			isa = XCBuildConfiguration;
			buildSettings = {
				ALWAYS_SEARCH_USER_PATHS = NO;
				CLANG_ANALYZER_NONNULL = YES;
				CLANG_ANALYZER_NUMBER_OBJECT_CONVERSION = YES_AGGRESSIVE;
				CLANG_CXX_LANGUAGE_STANDARD = "gnu++14";
				CLANG_CXX_LIBRARY = "libc++";
				CLANG_ENABLE_MODULES = YES;
				CLANG_ENABLE_OBJC_ARC = YES;
				CLANG_ENABLE_OBJC_WEAK = YES;
				CLANG_WARN_BLOCK_CAPTURE_AUTORELEASING = YES;
				CLANG_WARN_BOOL_CONVERSION = YES;
				CLANG_WARN_COMMA = YES;
				CLANG_WARN_CONSTANT_CONVERSION = YES;
				CLANG_WARN_DEPRECATED_OBJC_IMPLEMENTATIONS = YES;
				CLANG_WARN_DIRECT_OBJC_ISA_USAGE = YES_ERROR;
				CLANG_WARN_DOCUMENTATION_COMMENTS = YES;
				CLANG_WARN_EMPTY_BODY = YES;
				CLANG_WARN_ENUM_CONVERSION = YES;
				CLANG_WARN_INFINITE_RECURSION = YES;
				CLANG_WARN_INT_CONVERSION = YES;
				CLANG_WARN_NON_LITERAL_NULL_CONVERSION = YES;
				CLANG_WARN_OBJC_IMPLICIT_RETAIN_SELF = YES;
				CLANG_WARN_OBJC_LITERAL_CONVERSION = YES;
				CLANG_WARN_OBJC_ROOT_CLASS = YES_ERROR;
				CLANG_WARN_RANGE_LOOP_ANALYSIS = YES;
				CLANG_WARN_STRICT_PROTOTYPES = YES;
				CLANG_WARN_SUSPICIOUS_MOVE = YES;
				CLANG_WARN_UNGUARDED_AVAILABILITY = YES_AGGRESSIVE;
				CLANG_WARN_UNREACHABLE_CODE = YES;
				CLANG_WARN__DUPLICATE_METHOD_MATCH = YES;
				CODE_SIGN_IDENTITY = "iPhone Developer";
				COPY_PHASE_STRIP = NO;
				DEBUG_INFORMATION_FORMAT = "dwarf-with-dsym";
				ENABLE_NS_ASSERTIONS = NO;
				ENABLE_STRICT_OBJC_MSGSEND = YES;
				GCC_C_LANGUAGE_STANDARD = gnu11;
				GCC_NO_COMMON_BLOCKS = YES;
				GCC_WARN_64_TO_32_BIT_CONVERSION = YES;
				GCC_WARN_ABOUT_RETURN_TYPE = YES_ERROR;
				GCC_WARN_UNDECLARED_SELECTOR = YES;
				GCC_WARN_UNINITIALIZED_AUTOS = YES_AGGRESSIVE;
				GCC_WARN_UNUSED_FUNCTION = YES;
				GCC_WARN_UNUSED_VARIABLE = YES;
				IPHONEOS_DEPLOYMENT_TARGET = 12.1;
				MTL_ENABLE_DEBUG_INFO = NO;
				MTL_FAST_MATH = YES;
				SDKROOT = iphoneos;
				SWIFT_COMPILATION_MODE = wholemodule;
				SWIFT_OPTIMIZATION_LEVEL = "-O";
				VALIDATE_PRODUCT = YES;
			};
			name = Release;
		};
		CB099F2F220191F0002A8039 /* Debug */ = {
			isa = XCBuildConfiguration;
			buildSettings = {
				ASSETCATALOG_COMPILER_APPICON_NAME = AppIcon;
				CODE_SIGN_STYLE = Automatic;
				DEVELOPMENT_TEAM = W56K4E4L5F;
				INFOPLIST_FILE = CheatSheet/Info.plist;
				LD_RUNPATH_SEARCH_PATHS = (
					"$(inherited)",
					"@executable_path/Frameworks",
				);
				PRODUCT_BUNDLE_IDENTIFIER = com.timbaev.CheatSheet;
				PRODUCT_NAME = "$(TARGET_NAME)";
				SWIFT_VERSION = 4.2;
				TARGETED_DEVICE_FAMILY = "1,2";
			};
			name = Debug;
		};
		CB099F30220191F0002A8039 /* Release */ = {
			isa = XCBuildConfiguration;
			buildSettings = {
				ASSETCATALOG_COMPILER_APPICON_NAME = AppIcon;
				CODE_SIGN_STYLE = Automatic;
				DEVELOPMENT_TEAM = W56K4E4L5F;
				INFOPLIST_FILE = CheatSheet/Info.plist;
				LD_RUNPATH_SEARCH_PATHS = (
					"$(inherited)",
					"@executable_path/Frameworks",
				);
				PRODUCT_BUNDLE_IDENTIFIER = com.timbaev.CheatSheet;
				PRODUCT_NAME = "$(TARGET_NAME)";
				SWIFT_VERSION = 4.2;
				TARGETED_DEVICE_FAMILY = "1,2";
			};
			name = Release;
		};
/* End XCBuildConfiguration section */

/* Begin XCConfigurationList section */
		CB099F17220191EE002A8039 /* Build configuration list for PBXProject "CheatSheet" */ = {
			isa = XCConfigurationList;
			buildConfigurations = (
				CB099F2C220191F0002A8039 /* Debug */,
				CB099F2D220191F0002A8039 /* Release */,
			);
			defaultConfigurationIsVisible = 0;
			defaultConfigurationName = Release;
		};
		CB099F2E220191F0002A8039 /* Build configuration list for PBXNativeTarget "CheatSheet" */ = {
			isa = XCConfigurationList;
			buildConfigurations = (
				CB099F2F220191F0002A8039 /* Debug */,
				CB099F30220191F0002A8039 /* Release */,
			);
			defaultConfigurationIsVisible = 0;
			defaultConfigurationName = Release;
		};
/* End XCConfigurationList section */
	};
	rootObject = CB099F14220191EE002A8039 /* Project object */;
}
